{
  "nodes": {
    "flake-utils": {
      "inputs": {
        "systems": "systems"
      },
      "locked": {
        "lastModified": 1689068808,
        "narHash": "sha256-6ixXo3wt24N/melDWjq70UuHQLxGV8jZvooRanIHXw0=",
        "owner": "numtide",
        "repo": "flake-utils",
        "rev": "919d646de7be200f3bf08cb76ae1f09402b6f9b4",
        "type": "github"
      },
      "original": {
        "owner": "numtide",
        "repo": "flake-utils",
        "type": "github"
      }
    },
    "nixGL": {
      "inputs": {
        "flake-utils": [
          "flake-utils"
        ],
        "nixpkgs": [
          "nixpkgs"
        ]
      },
      "locked": {
        "lastModified": 1713543440,
        "narHash": "sha256-lnzZQYG0+EXl/6NkGpyIz+FEOc/DSEG57AP1VsdeNrM=",
        "owner": "nix-community",
        "repo": "nixGL",
        "rev": "310f8e49a149e4c9ea52f1adf70cdc768ec53f8a",
        "type": "github"
      },
      "original": {
        "owner": "nix-community",
        "repo": "nixGL",
        "type": "github"
      }
    },
    "nixpkgs": {
      "locked": {
        "lastModified": 315532800,
        "narHash": "sha256-DUedXhD2Rg8q4Xyd07Sb90eZGy4gg6W+Vl/WbLNwAZo=",
        "rev": "b3fe9581c9061c749abef42b6d4ee7b7c05c33fa",
        "type": "tarball",
        "url": "https://releases.nixos.org/nixos/26.05/nixos-26.05.5845.b3fe9581c906/nixexprs.tar.xz?lastModified=1784707089"
      },
      "original": {
        "id": "nixpkgs",
        "ref": "nixos-26.05",
        "type": "indirect"
      }
    },
    "proj-repo": {
      "inputs": {
        "flake-utils": [
          "flake-utils"
        ],
        "nixpkgs": [
          "nixpkgs"
        ]
      },
      "locked": {
        "lastModified": 1787873396,
        "narHash": "sha256-4+QTmAIebcRiiSRFTslHDl8KifIYzQNBmacSqIXaCbc=",
        "ref": "refs/heads/update-nix",
        "rev": "268056035befca5f811f21fc86811498694d6254",
        "revCount": 166,
        "type": "git",
        "url": "https://github.com/elliottslaughter/proj.git"
      },
      "original": {
        "ref": "refs/heads/update-nix",
        "rev": "268056035befca5f811f21fc86811498694d6254",
        "type": "git",
        "url": "https://github.com/elliottslaughter/proj.git"
      }
    },
    "root": {
      "inputs": {
        "flake-utils": "flake-utils",
        "nixGL": "nixGL",
        "nixpkgs": "nixpkgs",
        "proj-repo": "proj-repo"
      }
    },
    "systems": {
      "locked": {
        "lastModified": 1681028828,
        "narHash": "sha256-Vy1rq5AaRuLzOxct8nz4T6wlgyUR7zLU309k9mBC768=",
        "owner": "nix-systems",
        "repo": "default",
        "rev": "da67096a3b9bf56a91d16901293e51ba5b49a27e",
        "type": "github"
      },
      "original": {
        "owner": "nix-systems",
        "repo": "default",
        "type": "github"
      }
    }
  },
  "root": "root",
  "version": 7
}
